{
	"name": "copilot",
	"version": "1.0.0",
	"lockfileVersion": 1,
	"requires": true,
	"dependencies": {
		"@enact/agate": {
			"version": "github:enactjs/agate#571bb3070f637b0f76ebdd67e2e1becdbb88780d",
			"from": "github:enactjs/agate#master",
			"requires": {
				"@enact/core": "^2.0.0-rc.3",
				"@enact/i18n": "^2.0.0-rc.3",
				"@enact/spotlight": "^2.0.0-rc.3",
				"@enact/ui": "^2.0.0-rc.3",
				"classnames": "^2.2.6",
				"color-convert": "^1.9.3",
				"eases": "^1.0.8",
				"prop-types": "^15.6.2",
				"ramda": "^0.25.0"
			},
			"dependencies": {
				"@enact/core": {
					"version": "2.0.0-rc.3",
					"resolved": "https://registry.npmjs.org/@enact/core/-/core-2.0.0-rc.3.tgz",
					"integrity": "sha512-0/IFOw4wrUx9f8zXdz/NFp+0+ydvnbngNCLDCnrWMxDymfzhdc9z1SWMR0CqWcHfcnS7BzFeDlWty3jWbt91Yg==",
					"requires": {
						"classnames": "^2.2.5",
						"invariant": "^2.2.2",
						"prop-types": "^15.6.0",
						"ramda": "^0.24.1",
						"react": "^16.3.2",
						"react-dom": "^16.3.2",
						"recompose": "^0.26.0"
					},
					"dependencies": {
						"ramda": {
							"version": "0.24.1",
							"resolved": "https://registry.npmjs.org/ramda/-/ramda-0.24.1.tgz",
							"integrity": "sha1-w7d1UZfzW43DUCIoJixMkd22uFc="
						}
					}
				},
				"@enact/i18n": {
					"version": "2.0.0-rc.3",
					"resolved": "https://registry.npmjs.org/@enact/i18n/-/i18n-2.0.0-rc.3.tgz",
					"integrity": "sha512-idF5aBtl/CE5ytrnAdxWh3b8SwartPTBhfoU4Bj8TeTA8clS+qQUmPxqTJHoCwnfr2Q8A6Ky/XMXVPOX3M/UaA==",
					"requires": {
						"@enact/core": "^2.0.0-rc.3",
						"prop-types": "^15.6.0",
						"ramda": "^0.24.1",
						"react": "^16.3.2",
						"react-dom": "^16.3.2",
						"xhr": "^2.4.1"
					},
					"dependencies": {
						"ramda": {
							"version": "0.24.1",
							"resolved": "https://registry.npmjs.org/ramda/-/ramda-0.24.1.tgz",
							"integrity": "sha1-w7d1UZfzW43DUCIoJixMkd22uFc="
						}
					}
				},
				"@enact/ui": {
					"version": "2.0.0-rc.3",
					"resolved": "https://registry.npmjs.org/@enact/ui/-/ui-2.0.0-rc.3.tgz",
					"integrity": "sha512-GDCP8mi360nGGgljHsZFTDl8Bo/ZdTI5DWIrz/SN30Rcqq2SNLGcdB+OO1HmrKdaFPlXDHOygGUbKKDcWC2TrQ==",
					"requires": {
						"@enact/core": "^2.0.0-rc.3",
						"classnames": "^2.2.5",
						"direction": "^1.0.1",
						"invariant": "^2.2.2",
						"prop-types": "^15.6.0",
						"ramda": "^0.24.1",
						"react": "^16.3.2",
						"react-dom": "^16.3.2",
						"recompose": "^0.26.0",
						"warning": "^3.0.0"
					},
					"dependencies": {
						"ramda": {
							"version": "0.24.1",
							"resolved": "https://registry.npmjs.org/ramda/-/ramda-0.24.1.tgz",
							"integrity": "sha1-w7d1UZfzW43DUCIoJixMkd22uFc="
						}
					}
				},
				"classnames": {
					"version": "2.2.6",
					"resolved": "https://registry.npmjs.org/classnames/-/classnames-2.2.6.tgz",
					"integrity": "sha512-JR/iSQOSt+LQIWwrwEzJ9uk0xfN3mTVYMwt1Ir5mUcSN6pU+V4zQFFaJsclJbPuAUQH+yfWef6tm7l1quW3C8Q=="
				},
				"invariant": {
					"version": "2.2.4",
					"resolved": "https://registry.npmjs.org/invariant/-/invariant-2.2.4.tgz",
					"integrity": "sha512-phJfQVBuaJM5raOpJjSfkiD6BpbCE4Ns//LaXl6wGYtUBY83nWS6Rf9tXm2e8VaK60JEjYldbPif/A2B1C2gNA==",
					"requires": {
						"loose-envify": "^1.0.0"
					}
				},
				"recompose": {
					"version": "0.26.0",
					"resolved": "https://registry.npmjs.org/recompose/-/recompose-0.26.0.tgz",
					"integrity": "sha512-KwOu6ztO0mN5vy3+zDcc45lgnaUoaQse/a5yLVqtzTK13czSWnFGmXbQVmnoMgDkI5POd1EwIKSbjU1V7xdZog==",
					"requires": {
						"change-emitter": "^0.1.2",
						"fbjs": "^0.8.1",
						"hoist-non-react-statics": "^2.3.1",
						"symbol-observable": "^1.0.4"
					}
				}
			}
		},
		"@enact/core": {
			"version": "2.2.2",
			"resolved": "https://registry.npmjs.org/@enact/core/-/core-2.2.2.tgz",
			"integrity": "sha512-eBXfExoXR35mtKPPOGsCfuI67bbIgDiFHL9KBn5JmnWNsAdqq0n18gzXCehpuJrn1mMLjrk28b9TvVYYOvwC4Q==",
			"requires": {
				"classnames": "^2.2.5",
				"invariant": "^2.2.2",
				"prop-types": "^15.6.0",
				"ramda": "^0.24.1",
				"react": "^16.3.2",
				"react-dom": "^16.3.2",
				"recompose": "^0.26.0"
			},
			"dependencies": {
				"classnames": {
					"version": "2.2.6",
					"resolved": "https://registry.npmjs.org/classnames/-/classnames-2.2.6.tgz",
					"integrity": "sha512-JR/iSQOSt+LQIWwrwEzJ9uk0xfN3mTVYMwt1Ir5mUcSN6pU+V4zQFFaJsclJbPuAUQH+yfWef6tm7l1quW3C8Q=="
				},
				"invariant": {
					"version": "2.2.4",
					"resolved": "https://registry.npmjs.org/invariant/-/invariant-2.2.4.tgz",
					"integrity": "sha512-phJfQVBuaJM5raOpJjSfkiD6BpbCE4Ns//LaXl6wGYtUBY83nWS6Rf9tXm2e8VaK60JEjYldbPif/A2B1C2gNA==",
					"requires": {
						"loose-envify": "^1.0.0"
					}
				},
				"ramda": {
					"version": "0.24.1",
					"resolved": "https://registry.npmjs.org/ramda/-/ramda-0.24.1.tgz",
					"integrity": "sha1-w7d1UZfzW43DUCIoJixMkd22uFc="
				},
				"recompose": {
					"version": "0.26.0",
					"resolved": "https://registry.npmjs.org/recompose/-/recompose-0.26.0.tgz",
					"integrity": "sha512-KwOu6ztO0mN5vy3+zDcc45lgnaUoaQse/a5yLVqtzTK13czSWnFGmXbQVmnoMgDkI5POd1EwIKSbjU1V7xdZog==",
					"requires": {
						"change-emitter": "^0.1.2",
						"fbjs": "^0.8.1",
						"hoist-non-react-statics": "^2.3.1",
						"symbol-observable": "^1.0.4"
					}
				}
			}
		},
		"@enact/i18n": {
			"version": "2.2.2",
			"resolved": "https://registry.npmjs.org/@enact/i18n/-/i18n-2.2.2.tgz",
			"integrity": "sha512-QgyzVtI/UO4oA5BzovdgeGPqZiK6U4b8TviPafUya/AhGlDVnaqEq7ePcXMXJZqRsuT9uaxqOULWCr8gsQTbpQ==",
			"requires": {
				"@enact/core": "^2.2.2",
				"prop-types": "^15.6.0",
				"ramda": "^0.24.1",
				"react": "^16.3.2",
				"react-dom": "^16.3.2",
				"xhr": "^2.4.1"
			},
			"dependencies": {
				"ramda": {
					"version": "0.24.1",
					"resolved": "https://registry.npmjs.org/ramda/-/ramda-0.24.1.tgz",
					"integrity": "sha1-w7d1UZfzW43DUCIoJixMkd22uFc="
				}
			}
		},
		"@enact/spotlight": {
			"version": "2.0.0-rc.3",
			"resolved": "https://registry.npmjs.org/@enact/spotlight/-/spotlight-2.0.0-rc.3.tgz",
			"integrity": "sha512-8G9ZsHrfBpvv7YJX9nSWk6Us4reC88arAsHX04ZvxFfBec5wLn3rn/OvDYAIynJC65JyDbOAopHhAFX+d833hw==",
			"requires": {
				"@enact/core": "^2.0.0-rc.3",
				"prop-types": "^15.6.0",
				"ramda": "^0.24.1",
				"react": "^16.3.2",
				"react-dom": "^16.3.2",
				"warning": "^3.0.0"
			},
			"dependencies": {
				"ramda": {
					"version": "0.24.1",
					"resolved": "https://registry.npmjs.org/ramda/-/ramda-0.24.1.tgz",
					"integrity": "sha1-w7d1UZfzW43DUCIoJixMkd22uFc="
				}
			}
		},
		"@enact/ui": {
			"version": "2.2.2",
			"resolved": "https://registry.npmjs.org/@enact/ui/-/ui-2.2.2.tgz",
			"integrity": "sha512-rTJGXPZEyKBuczehVFlSX4q/ljl1RWq6U8r160kIwMdr4q8iYS/Fh4kPedU+EGg7RwadDX5EChoah4juDCKeKg==",
			"requires": {
				"@enact/core": "^2.2.2",
				"classnames": "^2.2.5",
				"direction": "^1.0.1",
				"invariant": "^2.2.2",
				"prop-types": "^15.6.0",
				"ramda": "^0.24.1",
				"react": "^16.3.2",
				"react-dom": "^16.3.2",
				"recompose": "^0.26.0",
				"warning": "^3.0.0"
			},
			"dependencies": {
				"classnames": {
					"version": "2.2.6",
					"resolved": "https://registry.npmjs.org/classnames/-/classnames-2.2.6.tgz",
					"integrity": "sha512-JR/iSQOSt+LQIWwrwEzJ9uk0xfN3mTVYMwt1Ir5mUcSN6pU+V4zQFFaJsclJbPuAUQH+yfWef6tm7l1quW3C8Q=="
				},
				"invariant": {
					"version": "2.2.4",
					"resolved": "https://registry.npmjs.org/invariant/-/invariant-2.2.4.tgz",
					"integrity": "sha512-phJfQVBuaJM5raOpJjSfkiD6BpbCE4Ns//LaXl6wGYtUBY83nWS6Rf9tXm2e8VaK60JEjYldbPif/A2B1C2gNA==",
					"requires": {
						"loose-envify": "^1.0.0"
					}
				},
				"ramda": {
					"version": "0.24.1",
					"resolved": "https://registry.npmjs.org/ramda/-/ramda-0.24.1.tgz",
					"integrity": "sha1-w7d1UZfzW43DUCIoJixMkd22uFc="
				},
				"recompose": {
					"version": "0.26.0",
					"resolved": "https://registry.npmjs.org/recompose/-/recompose-0.26.0.tgz",
					"integrity": "sha512-KwOu6ztO0mN5vy3+zDcc45lgnaUoaQse/a5yLVqtzTK13czSWnFGmXbQVmnoMgDkI5POd1EwIKSbjU1V7xdZog==",
					"requires": {
						"change-emitter": "^0.1.2",
						"fbjs": "^0.8.1",
						"hoist-non-react-statics": "^2.3.1",
						"symbol-observable": "^1.0.4"
					}
				}
			}
		},
		"after": {
			"version": "0.8.2",
			"resolved": "https://registry.npmjs.org/after/-/after-0.8.2.tgz",
			"integrity": "sha1-/ts5T58OAqqXaOcCvaI7UF+ufh8="
		},
		"arraybuffer.slice": {
			"version": "0.0.7",
			"resolved": "https://registry.npmjs.org/arraybuffer.slice/-/arraybuffer.slice-0.0.7.tgz",
			"integrity": "sha512-wGUIVQXuehL5TCqQun8OW81jGzAWycqzFF8lFp+GOM5BXLYj3bKNsYC4daB7n6XjCqxQA/qgTJ+8ANR3acjrog=="
		},
		"asap": {
			"version": "2.0.6",
			"resolved": "https://registry.npmjs.org/asap/-/asap-2.0.6.tgz",
			"integrity": "sha1-5QNHYR1+aQlDIIu9r+vLwvuGbUY="
		},
		"async-limiter": {
			"version": "1.0.0",
			"resolved": "https://registry.npmjs.org/async-limiter/-/async-limiter-1.0.0.tgz",
			"integrity": "sha512-jp/uFnooOiO+L211eZOoSyzpOITMXx1rBITauYykG3BRYPu8h0UcxsPNB04RR5vo4Tyz3+ay17tR6JVf9qzYWg=="
		},
		"backo2": {
			"version": "1.0.2",
			"resolved": "https://registry.npmjs.org/backo2/-/backo2-1.0.2.tgz",
			"integrity": "sha1-MasayLEpNjRj41s+u2n038+6eUc="
		},
		"base64-arraybuffer": {
			"version": "0.1.5",
			"resolved": "https://registry.npmjs.org/base64-arraybuffer/-/base64-arraybuffer-0.1.5.tgz",
			"integrity": "sha1-c5JncZI7Whl0etZmqlzUv5xunOg="
		},
		"better-assert": {
			"version": "1.0.2",
			"resolved": "https://registry.npmjs.org/better-assert/-/better-assert-1.0.2.tgz",
			"integrity": "sha1-QIZrnhueC1W0gYlDEeaPr/rrxSI=",
			"requires": {
				"callsite": "1.0.0"
			}
		},
		"blob": {
			"version": "0.0.4",
			"resolved": "https://registry.npmjs.org/blob/-/blob-0.0.4.tgz",
			"integrity": "sha1-vPEwUspURj8w+fx+lbmkdjCpSSE="
		},
		"callsite": {
			"version": "1.0.0",
			"resolved": "https://registry.npmjs.org/callsite/-/callsite-1.0.0.tgz",
			"integrity": "sha1-KAOY5dZkvXQDi28JBRU+borxvCA="
		},
		"change-emitter": {
			"version": "0.1.6",
			"resolved": "https://registry.npmjs.org/change-emitter/-/change-emitter-0.1.6.tgz",
			"integrity": "sha1-6LL+PX8at9aaMhma/5HqaTFAlRU="
		},
		"color-convert": {
			"version": "1.9.3",
			"resolved": "https://registry.npmjs.org/color-convert/-/color-convert-1.9.3.tgz",
			"integrity": "sha512-QfAUtd+vFdAtFQcC8CCyYt1fYWxSqAiK2cSD6zDB8N3cpsEBAvRxp9zOGg6G/SHHJYAT88/az/IuDGALsNVbGg==",
			"requires": {
				"color-name": "1.1.3"
			}
		},
		"color-name": {
			"version": "1.1.3",
			"resolved": "https://registry.npmjs.org/color-name/-/color-name-1.1.3.tgz",
			"integrity": "sha1-p9BVi9icQveV3UIyj3QIMcpTvCU="
		},
		"component-bind": {
			"version": "1.0.0",
			"resolved": "https://registry.npmjs.org/component-bind/-/component-bind-1.0.0.tgz",
			"integrity": "sha1-AMYIq33Nk4l8AAllGx06jh5zu9E="
		},
		"component-emitter": {
			"version": "1.2.1",
			"resolved": "https://registry.npmjs.org/component-emitter/-/component-emitter-1.2.1.tgz",
			"integrity": "sha1-E3kY1teCg/ffemt8WmPhQOaUJeY="
		},
		"component-inherit": {
			"version": "0.0.3",
			"resolved": "https://registry.npmjs.org/component-inherit/-/component-inherit-0.0.3.tgz",
			"integrity": "sha1-ZF/ErfWLcrZJ1crmUTVhnbJv8UM="
		},
		"core-js": {
			"version": "1.2.7",
			"resolved": "https://registry.npmjs.org/core-js/-/core-js-1.2.7.tgz",
			"integrity": "sha1-ZSKUwUZR2yj6k70tX/KYOk8IxjY="
		},
		"debug": {
			"version": "3.1.0",
			"resolved": "https://registry.npmjs.org/debug/-/debug-3.1.0.tgz",
			"integrity": "sha512-OX8XqP7/1a9cqkxYw2yXss15f26NKWBpDXQd0/uK/KPqdQhxbPa994hnzjcE2VqQpDslf55723cKPUOGSmMY3g==",
			"requires": {
				"ms": "2.0.0"
			}
		},
		"decode-uri-component": {
			"version": "0.2.0",
			"resolved": "https://registry.npmjs.org/decode-uri-component/-/decode-uri-component-0.2.0.tgz",
			"integrity": "sha1-6zkTMzRYd1y4TNGh+uBiEGu4dUU="
		},
		"direction": {
			"version": "1.0.2",
			"resolved": "https://registry.npmjs.org/direction/-/direction-1.0.2.tgz",
			"integrity": "sha512-hSKoz5FBn+zhP9vWKkVQaaxnRDg3/MoPdcg2au54HIUDR8MrP8Ah1jXSJwCXel6SV3Afh5DSzc8Uqv2r1UoQwQ=="
		},
		"dom-walk": {
			"version": "0.1.1",
			"resolved": "https://registry.npmjs.org/dom-walk/-/dom-walk-0.1.1.tgz",
			"integrity": "sha1-ZyIm3HTI95mtNTB9+TaroRrNYBg="
		},
		"eases": {
			"version": "1.0.8",
			"resolved": "https://registry.npmjs.org/eases/-/eases-1.0.8.tgz",
			"integrity": "sha1-8fUGmmtu0upRD5xhEDmNY+/pruY="
		},
		"encoding": {
			"version": "0.1.12",
			"resolved": "https://registry.npmjs.org/encoding/-/encoding-0.1.12.tgz",
			"integrity": "sha1-U4tm8+5izRq1HsMjgp0flIDHS+s=",
			"requires": {
				"iconv-lite": "~0.4.13"
			}
		},
		"engine.io-client": {
			"version": "3.2.1",
			"resolved": "https://registry.npmjs.org/engine.io-client/-/engine.io-client-3.2.1.tgz",
			"integrity": "sha512-y5AbkytWeM4jQr7m/koQLc5AxpRKC1hEVUb/s1FUAWEJq5AzJJ4NLvzuKPuxtDi5Mq755WuDvZ6Iv2rXj4PTzw==",
			"requires": {
				"component-emitter": "1.2.1",
				"component-inherit": "0.0.3",
				"debug": "~3.1.0",
				"engine.io-parser": "~2.1.1",
				"has-cors": "1.1.0",
				"indexof": "0.0.1",
				"parseqs": "0.0.5",
				"parseuri": "0.0.5",
				"ws": "~3.3.1",
				"xmlhttprequest-ssl": "~1.5.4",
				"yeast": "0.1.2"
			}
		},
		"engine.io-parser": {
			"version": "2.1.2",
			"resolved": "https://registry.npmjs.org/engine.io-parser/-/engine.io-parser-2.1.2.tgz",
			"integrity": "sha512-dInLFzr80RijZ1rGpx1+56/uFoH7/7InhH3kZt+Ms6hT8tNx3NGW/WNSA/f8As1WkOfkuyb3tnRyuXGxusclMw==",
			"requires": {
				"after": "0.8.2",
				"arraybuffer.slice": "~0.0.7",
				"base64-arraybuffer": "0.1.5",
				"blob": "0.0.4",
				"has-binary2": "~1.0.2"
			}
		},
		"fbjs": {
			"version": "0.8.17",
			"resolved": "https://registry.npmjs.org/fbjs/-/fbjs-0.8.17.tgz",
			"integrity": "sha1-xNWY6taUkRJlPWWIsBpc3Nn5D90=",
			"requires": {
				"core-js": "^1.0.0",
				"isomorphic-fetch": "^2.1.1",
				"loose-envify": "^1.0.0",
				"object-assign": "^4.1.0",
				"promise": "^7.1.1",
				"setimmediate": "^1.0.5",
				"ua-parser-js": "^0.7.18"
			}
		},
		"for-each": {
			"version": "0.3.3",
			"resolved": "https://registry.npmjs.org/for-each/-/for-each-0.3.3.tgz",
			"integrity": "sha512-jqYfLp7mo9vIyQf8ykW2v7A+2N4QjeCeI5+Dz9XraiO1ign81wjiH7Fb9vSOWvQfNtmSa4H2RoQTrrXivdUZmw==",
			"requires": {
				"is-callable": "^1.1.3"
			}
		},
		"global": {
			"version": "4.3.2",
			"resolved": "https://registry.npmjs.org/global/-/global-4.3.2.tgz",
			"integrity": "sha1-52mJJopsdMOJCLEwWxD8DjlOnQ8=",
			"requires": {
				"min-document": "^2.19.0",
				"process": "~0.5.1"
			}
		},
		"has-binary2": {
			"version": "1.0.3",
			"resolved": "https://registry.npmjs.org/has-binary2/-/has-binary2-1.0.3.tgz",
			"integrity": "sha512-G1LWKhDSvhGeAQ8mPVQlqNcOB2sJdwATtZKl2pDKKHfpf/rYj24lkinxf69blJbnsvtqqNU+L3SL50vzZhXOnw==",
			"requires": {
				"isarray": "2.0.1"
			}
		},
		"has-cors": {
			"version": "1.1.0",
			"resolved": "https://registry.npmjs.org/has-cors/-/has-cors-1.1.0.tgz",
			"integrity": "sha1-XkdHk/fqmEPRu5nCPu9J/xJv/zk="
		},
		"hoist-non-react-statics": {
			"version": "2.5.5",
			"resolved": "https://registry.npmjs.org/hoist-non-react-statics/-/hoist-non-react-statics-2.5.5.tgz",
			"integrity": "sha512-rqcy4pJo55FTTLWt+bU8ukscqHeE/e9KWvsOW2b/a3afxQZhwkQdT1rPPCJ0rYXdj4vNcasY8zHTH+jF/qStxw=="
		},
		"iconv-lite": {
			"version": "0.4.24",
			"resolved": "https://registry.npmjs.org/iconv-lite/-/iconv-lite-0.4.24.tgz",
			"integrity": "sha512-v3MXnZAcvnywkTUEZomIActle7RXXeedOR31wwl7VlyoXO4Qi9arvSenNQWne1TcRwhCL1HwLI21bEqdpj8/rA==",
			"requires": {
				"safer-buffer": ">= 2.1.2 < 3"
			}
		},
		"indexof": {
			"version": "0.0.1",
			"resolved": "https://registry.npmjs.org/indexof/-/indexof-0.0.1.tgz",
			"integrity": "sha1-gtwzbSMrkGIXnQWrMpOmYFn9Q10="
		},
		"is-callable": {
			"version": "1.1.4",
			"resolved": "https://registry.npmjs.org/is-callable/-/is-callable-1.1.4.tgz",
			"integrity": "sha512-r5p9sxJjYnArLjObpjA4xu5EKI3CuKHkJXMhT7kwbpUyIFD1n5PMAsoPvWnvtZiNz7LjkYDRZhd7FlI0eMijEA=="
		},
		"is-function": {
			"version": "1.0.1",
			"resolved": "https://registry.npmjs.org/is-function/-/is-function-1.0.1.tgz",
			"integrity": "sha1-Es+5i2W1fdPRk6MSH19uL0N2ArU="
		},
		"is-stream": {
			"version": "1.1.0",
			"resolved": "https://registry.npmjs.org/is-stream/-/is-stream-1.1.0.tgz",
			"integrity": "sha1-EtSj3U5o4Lec6428hBc66A2RykQ="
		},
		"isarray": {
			"version": "2.0.1",
			"resolved": "https://registry.npmjs.org/isarray/-/isarray-2.0.1.tgz",
			"integrity": "sha1-o32U7ZzaLVmGXJ92/llu4fM4dB4="
		},
		"isomorphic-fetch": {
			"version": "2.2.1",
			"resolved": "https://registry.npmjs.org/isomorphic-fetch/-/isomorphic-fetch-2.2.1.tgz",
			"integrity": "sha1-YRrhrPFPXoH3KVB0coGf6XM1WKk=",
			"requires": {
				"node-fetch": "^1.0.1",
				"whatwg-fetch": ">=0.10.0"
			}
		},
		"js-tokens": {
			"version": "4.0.0",
			"resolved": "https://registry.npmjs.org/js-tokens/-/js-tokens-4.0.0.tgz",
			"integrity": "sha512-RdJUflcE3cUzKiMqQgsCu06FPu9UdIJO0beYbPhHN4k6apgJtifcoCtT9bcxOpYBtpD2kCM6Sbzg4CausW/PKQ=="
		},
		"loose-envify": {
			"version": "1.4.0",
			"resolved": "https://registry.npmjs.org/loose-envify/-/loose-envify-1.4.0.tgz",
			"integrity": "sha512-lyuxPGr/Wfhrlem2CL/UcnUc1zcqKAImBDzukY7Y5F/yQiNdko6+fRLevlw1HgMySw7f611UIY408EtxRSoK3Q==",
			"requires": {
				"js-tokens": "^3.0.0 || ^4.0.0"
			}
		},
		"min-document": {
			"version": "2.19.0",
			"resolved": "https://registry.npmjs.org/min-document/-/min-document-2.19.0.tgz",
			"integrity": "sha1-e9KC4/WELtKVu3SM3Z8f+iyCRoU=",
			"requires": {
				"dom-walk": "^0.1.0"
			}
		},
		"ms": {
			"version": "2.0.0",
			"resolved": "https://registry.npmjs.org/ms/-/ms-2.0.0.tgz",
			"integrity": "sha1-VgiurfwAvmwpAd9fmGF4jeDVl8g="
		},
		"node-fetch": {
			"version": "1.7.3",
			"resolved": "https://registry.npmjs.org/node-fetch/-/node-fetch-1.7.3.tgz",
			"integrity": "sha512-NhZ4CsKx7cYm2vSrBAr2PvFOe6sWDf0UYLRqA6svUYg7+/TSfVAu49jYC4BvQ4Sms9SZgdqGBgroqfDhJdTyKQ==",
			"requires": {
				"encoding": "^0.1.11",
				"is-stream": "^1.0.1"
			}
		},
		"object-assign": {
			"version": "4.1.1",
			"resolved": "https://registry.npmjs.org/object-assign/-/object-assign-4.1.1.tgz",
			"integrity": "sha1-IQmtx5ZYh8/AXLvUQsrIv7s2CGM="
		},
		"object-component": {
			"version": "0.0.3",
			"resolved": "https://registry.npmjs.org/object-component/-/object-component-0.0.3.tgz",
			"integrity": "sha1-8MaapQ78lbhmwYb0AKM3acsvEpE="
		},
		"parse-headers": {
			"version": "2.0.1",
			"resolved": "https://registry.npmjs.org/parse-headers/-/parse-headers-2.0.1.tgz",
			"integrity": "sha1-aug6eqJanZtwCswoaYzR8e1+lTY=",
			"requires": {
				"for-each": "^0.3.2",
				"trim": "0.0.1"
			}
		},
		"parseqs": {
			"version": "0.0.5",
			"resolved": "https://registry.npmjs.org/parseqs/-/parseqs-0.0.5.tgz",
			"integrity": "sha1-1SCKNzjkZ2bikbouoXNoSSGouJ0=",
			"requires": {
				"better-assert": "~1.0.0"
			}
		},
		"parseuri": {
			"version": "0.0.5",
			"resolved": "https://registry.npmjs.org/parseuri/-/parseuri-0.0.5.tgz",
			"integrity": "sha1-gCBKUNTbt3m/3G6+J3jZDkvOMgo=",
			"requires": {
				"better-assert": "~1.0.0"
			}
		},
		"process": {
			"version": "0.5.2",
			"resolved": "https://registry.npmjs.org/process/-/process-0.5.2.tgz",
			"integrity": "sha1-FjjYqONML0QKkduVq5rrZ3/Bhc8="
		},
		"promise": {
			"version": "7.3.1",
			"resolved": "https://registry.npmjs.org/promise/-/promise-7.3.1.tgz",
			"integrity": "sha512-nolQXZ/4L+bP/UGlkfaIujX9BKxGwmQ9OT4mOt5yvy8iK1h3wqTEJCijzGANTCCl9nWjY41juyAn2K3Q1hLLTg==",
			"requires": {
				"asap": "~2.0.3"
			}
		},
		"prop-types": {
			"version": "15.6.2",
			"resolved": "https://registry.npmjs.org/prop-types/-/prop-types-15.6.2.tgz",
			"integrity": "sha512-3pboPvLiWD7dkI3qf3KbUe6hKFKa52w+AE0VCqECtf+QHAKgOL37tTaNCnuX1nAAQ4ZhyP+kYVKf8rLmJ/feDQ==",
			"requires": {
				"loose-envify": "^1.3.1",
				"object-assign": "^4.1.1"
			}
		},
		"query-string": {
			"version": "6.2.0",
			"resolved": "https://registry.npmjs.org/query-string/-/query-string-6.2.0.tgz",
			"integrity": "sha512-5wupExkIt8RYL4h/FE+WTg3JHk62e6fFPWtAZA9J5IWK1PfTfKkMS93HBUHcFpeYi9KsY5pFbh+ldvEyaz5MyA==",
			"requires": {
				"decode-uri-component": "^0.2.0",
				"strict-uri-encode": "^2.0.0"
			}
		},
		"ramda": {
			"version": "0.25.0",
			"resolved": "https://registry.npmjs.org/ramda/-/ramda-0.25.0.tgz",
			"integrity": "sha512-GXpfrYVPwx3K7RQ6aYT8KPS8XViSXUVJT1ONhoKPE9VAleW42YE+U+8VEyGWt41EnEQW7gwecYJriTI0pKoecQ=="
		},
		"react": {
			"version": "16.5.2",
			"resolved": "https://registry.npmjs.org/react/-/react-16.5.2.tgz",
			"integrity": "sha512-FDCSVd3DjVTmbEAjUNX6FgfAmQ+ypJfHUsqUJOYNCBUp1h8lqmtC+0mXJ+JjsWx4KAVTkk1vKd1hLQPvEviSuw==",
			"requires": {
				"loose-envify": "^1.1.0",
				"object-assign": "^4.1.1",
				"prop-types": "^15.6.2",
				"schedule": "^0.5.0"
			}
		},
		"react-dom": {
			"version": "16.5.2",
			"resolved": "https://registry.npmjs.org/react-dom/-/react-dom-16.5.2.tgz",
			"integrity": "sha512-RC8LDw8feuZOHVgzEf7f+cxBr/DnKdqp56VU0lAs1f4UfKc4cU8wU4fTq/mgnvynLQo8OtlPC19NUFh/zjZPuA==",
			"requires": {
				"loose-envify": "^1.1.0",
				"object-assign": "^4.1.1",
				"prop-types": "^15.6.2",
				"schedule": "^0.5.0"
			}
		},
		"safe-buffer": {
			"version": "5.1.2",
			"resolved": "https://registry.npmjs.org/safe-buffer/-/safe-buffer-5.1.2.tgz",
			"integrity": "sha512-Gd2UZBJDkXlY7GbJxfsE8/nvKkUEU1G38c1siN6QP6a9PT9MmHB8GnpscSmMJSoF8LOIrt8ud/wPtojys4G6+g=="
		},
		"safer-buffer": {
			"version": "2.1.2",
			"resolved": "https://registry.npmjs.org/safer-buffer/-/safer-buffer-2.1.2.tgz",
			"integrity": "sha512-YZo3K82SD7Riyi0E1EQPojLz7kpepnSQI9IyPbHHg1XXXevb5dJI7tpyN2ADxGcQbHG7vcyRHk0cbwqcQriUtg=="
		},
		"schedule": {
			"version": "0.5.0",
			"resolved": "https://registry.npmjs.org/schedule/-/schedule-0.5.0.tgz",
			"integrity": "sha512-HUcJicG5Ou8xfR//c2rPT0lPIRR09vVvN81T9fqfVgBmhERUbDEQoYKjpBxbueJnCPpSu2ujXzOnRQt6x9o/jw==",
			"requires": {
				"object-assign": "^4.1.1"
			}
		},
		"setimmediate": {
			"version": "1.0.5",
			"resolved": "https://registry.npmjs.org/setimmediate/-/setimmediate-1.0.5.tgz",
			"integrity": "sha1-KQy7Iy4waULX1+qbg3Mqt4VvgoU="
		},
		"socket.io-client": {
			"version": "2.1.1",
			"resolved": "https://registry.npmjs.org/socket.io-client/-/socket.io-client-2.1.1.tgz",
			"integrity": "sha512-jxnFyhAuFxYfjqIgduQlhzqTcOEQSn+OHKVfAxWaNWa7ecP7xSNk2Dx/3UEsDcY7NcFafxvNvKPmmO7HTwTxGQ==",
			"requires": {
				"backo2": "1.0.2",
				"base64-arraybuffer": "0.1.5",
				"component-bind": "1.0.0",
				"component-emitter": "1.2.1",
				"debug": "~3.1.0",
				"engine.io-client": "~3.2.0",
				"has-binary2": "~1.0.2",
				"has-cors": "1.1.0",
				"indexof": "0.0.1",
				"object-component": "0.0.3",
				"parseqs": "0.0.5",
				"parseuri": "0.0.5",
				"socket.io-parser": "~3.2.0",
				"to-array": "0.1.4"
			}
		},
		"socket.io-parser": {
			"version": "3.2.0",
			"resolved": "https://registry.npmjs.org/socket.io-parser/-/socket.io-parser-3.2.0.tgz",
			"integrity": "sha512-FYiBx7rc/KORMJlgsXysflWx/RIvtqZbyGLlHZvjfmPTPeuD/I8MaW7cfFrj5tRltICJdgwflhfZ3NVVbVLFQA==",
			"requires": {
				"component-emitter": "1.2.1",
				"debug": "~3.1.0",
				"isarray": "2.0.1"
			}
		},
		"strict-uri-encode": {
			"version": "2.0.0",
			"resolved": "https://registry.npmjs.org/strict-uri-encode/-/strict-uri-encode-2.0.0.tgz",
			"integrity": "sha1-ucczDHBChi9rFC3CdLvMWGbONUY="
		},
		"symbol-observable": {
			"version": "1.2.0",
			"resolved": "https://registry.npmjs.org/symbol-observable/-/symbol-observable-1.2.0.tgz",
			"integrity": "sha512-e900nM8RRtGhlV36KGEU9k65K3mPb1WV70OdjfxlG2EAuM1noi/E/BaW/uMhL7bPEssK8QV57vN3esixjUvcXQ=="
		},
		"to-array": {
			"version": "0.1.4",
			"resolved": "https://registry.npmjs.org/to-array/-/to-array-0.1.4.tgz",
			"integrity": "sha1-F+bBH3PdTz10zaek/zI46a2b+JA="
		},
		"trim": {
			"version": "0.0.1",
			"resolved": "https://registry.npmjs.org/trim/-/trim-0.0.1.tgz",
			"integrity": "sha1-WFhUf2spB1fulczMZm+1AITEYN0="
		},
		"ua-parser-js": {
			"version": "0.7.18",
			"resolved": "https://registry.npmjs.org/ua-parser-js/-/ua-parser-js-0.7.18.tgz",
			"integrity": "sha512-LtzwHlVHwFGTptfNSgezHp7WUlwiqb0gA9AALRbKaERfxwJoiX0A73QbTToxteIAuIaFshhgIZfqK8s7clqgnA=="
		},
		"ultron": {
			"version": "1.1.1",
			"resolved": "https://registry.npmjs.org/ultron/-/ultron-1.1.1.tgz",
			"integrity": "sha512-UIEXBNeYmKptWH6z8ZnqTeS8fV74zG0/eRU9VGkpzz+LIJNs8W/zM/L+7ctCkRrgbNnnR0xxw4bKOr0cW0N0Og=="
		},
		"warning": {
			"version": "3.0.0",
			"resolved": "https://registry.npmjs.org/warning/-/warning-3.0.0.tgz",
			"integrity": "sha1-MuU3fLVy3kqwR1O9+IIcAe1gW3w=",
			"requires": {
				"loose-envify": "^1.0.0"
			}
		},
		"whatwg-fetch": {
			"version": "3.0.0",
			"resolved": "https://registry.npmjs.org/whatwg-fetch/-/whatwg-fetch-3.0.0.tgz",
			"integrity": "sha512-9GSJUgz1D4MfyKU7KRqwOjXCXTqWdFNvEr7eUBYchQiVc744mqK/MzXPNR2WsPkmkOa4ywfg8C2n8h+13Bey1Q=="
		},
		"ws": {
			"version": "3.3.3",
			"resolved": "https://registry.npmjs.org/ws/-/ws-3.3.3.tgz",
			"integrity": "sha512-nnWLa/NwZSt4KQJu51MYlCcSQ5g7INpOrOMt4XV8j4dqTXdmlUmSHQ8/oLC069ckre0fRsgfvsKwbTdtKLCDkA==",
			"requires": {
				"async-limiter": "~1.0.0",
				"safe-buffer": "~5.1.0",
				"ultron": "~1.1.0"
			}
		},
		"xhr": {
			"version": "2.5.0",
			"resolved": "https://registry.npmjs.org/xhr/-/xhr-2.5.0.tgz",
			"integrity": "sha512-4nlO/14t3BNUZRXIXfXe+3N6w3s1KoxcJUUURctd64BLRe67E4gRwp4PjywtDY72fXpZ1y6Ch0VZQRY/gMPzzQ==",
			"requires": {
				"global": "~4.3.0",
				"is-function": "^1.0.1",
				"parse-headers": "^2.0.0",
				"xtend": "^4.0.0"
			}
		},
		"xmlhttprequest-ssl": {
			"version": "1.5.5",
			"resolved": "https://registry.npmjs.org/xmlhttprequest-ssl/-/xmlhttprequest-ssl-1.5.5.tgz",
			"integrity": "sha1-wodrBhaKrcQOV9l+gRkayPQ5iz4="
		},
		"xtend": {
			"version": "4.0.1",
			"resolved": "https://registry.npmjs.org/xtend/-/xtend-4.0.1.tgz",
			"integrity": "sha1-pcbVMr5lbiPbgg77lDofBJmNY68="
		},
		"yeast": {
			"version": "0.1.2",
			"resolved": "https://registry.npmjs.org/yeast/-/yeast-0.1.2.tgz",
			"integrity": "sha1-AI4G2AlDIMNy28L47XagymyKxBk="
		}
	}
}
